
Microsoft Visual Studio Solution File, Format Version 12.00
# Visual Studio 15
VisualStudioVersion = 15.0.26403.7
MinimumVisualStudioVersion = 10.0.40219.1
Project("{FAE04EC0-301F-11D3-BF4B-00C04F79EFBC}") = "InteractiveStudy", "InteractiveStudy\InteractiveStudy.csproj", "{178C3AD9-FD93-49AC-8340-C75374492FC1}"
EndProject
Project("{FAE04EC0-301F-11D3-BF4B-00C04F79EFBC}") = "Dipl", "..\Dipl\Dipl.csproj", "{E5295792-C6F8-4994-8DEC-41C02F887207}"
EndProject
Global
	GlobalSection(SolutionConfigurationPlatforms) = preSolution
		Debug|Any CPU = Debug|Any CPU
		Release|Any CPU = Release|Any CPU
	EndGlobalSection
	GlobalSection(ProjectConfigurationPlatforms) = postSolution
		{178C3AD9-FD93-49AC-8340-C75374492FC1}.Debug|Any CPU.ActiveCfg = Debug|Any CPU
		{178C3AD9-FD93-49AC-8340-C75374492FC1}.Debug|Any CPU.Build.0 = Debug|Any CPU
		{178C3AD9-FD93-49AC-8340-C75374492FC1}.Release|Any CPU.ActiveCfg = Release|Any CPU
		{178C3AD9-FD93-49AC-8340-C75374492FC1}.Release|Any CPU.Build.0 = Release|Any CPU
		{E5295792-C6F8-4994-8DEC-41C02F887207}.Debug|Any CPU.ActiveCfg = Debug|Any CPU
		{E5295792-C6F8-4994-8DEC-41C02F887207}.Debug|Any CPU.Build.0 = Debug|Any CPU
		{E5295792-C6F8-4994-8DEC-41C02F887207}.Release|Any CPU.ActiveCfg = Release|Any CPU
		{E5295792-C6F8-4994-8DEC-41C02F887207}.Release|Any CPU.Build.0 = Release|Any CPU
	EndGlobalSection
	GlobalSection(SolutionProperties) = preSolution
		HideSolutionNode = FALSE
	EndGlobalSection
EndGlobal
